
Microsoft Visual Studio Solution File, Format Version 12.00
# Visual Studio Version 16
VisualStudioVersion = 16.0.30114.105
MinimumVisualStudioVersion = 10.0.40219.1
Project("{FAE04EC0-301F-11D3-BF4B-00C04F79EFBC}") = "BookingReferenceService", "BookingReferenceService\BookingReferenceService.csproj", "{22DF0015-15D1-4A1D-8A2E-2B8DD960DCC3}"
EndProject
Project("{FAE04EC0-301F-11D3-BF4B-00C04F79EFBC}") = "TrainDataService", "TrainDataService\TrainDataService.csproj", "{0549109B-0930-4C43-A9F2-855B70409CD9}"
EndProject
Global
	GlobalSection(SolutionConfigurationPlatforms) = preSolution
		Debug|Any CPU = Debug|Any CPU
		Release|Any CPU = Release|Any CPU
	EndGlobalSection
	GlobalSection(SolutionProperties) = preSolution
		HideSolutionNode = FALSE
	EndGlobalSection
	GlobalSection(ProjectConfigurationPlatforms) = postSolution
		{22DF0015-15D1-4A1D-8A2E-2B8DD960DCC3}.Debug|Any CPU.ActiveCfg = Debug|Any CPU
		{22DF0015-15D1-4A1D-8A2E-2B8DD960DCC3}.Debug|Any CPU.Build.0 = Debug|Any CPU
		{22DF0015-15D1-4A1D-8A2E-2B8DD960DCC3}.Release|Any CPU.ActiveCfg = Release|Any CPU
		{22DF0015-15D1-4A1D-8A2E-2B8DD960DCC3}.Release|Any CPU.Build.0 = Release|Any CPU
		{0549109B-0930-4C43-A9F2-855B70409CD9}.Debug|Any CPU.ActiveCfg = Debug|Any CPU
		{0549109B-0930-4C43-A9F2-855B70409CD9}.Debug|Any CPU.Build.0 = Debug|Any CPU
		{0549109B-0930-4C43-A9F2-855B70409CD9}.Release|Any CPU.ActiveCfg = Release|Any CPU
		{0549109B-0930-4C43-A9F2-855B70409CD9}.Release|Any CPU.Build.0 = Release|Any CPU
	EndGlobalSection
EndGlobal
